
Microsoft Visual Studio Solution File, Format Version 12.00
# Visual Studio Version 16
VisualStudioVersion = 16.0.28803.452
MinimumVisualStudioVersion = 10.0.40219.1
Project("{FAE04EC0-301F-11D3-BF4B-00C04F79EFBC}") = "IronCards", "IronCards\IronCards.csproj", "{3AA0420E-3ECE-4FAC-8E47-DDEDA67192FD}"
EndProject
Project("{FAE04EC0-301F-11D3-BF4B-00C04F79EFBC}") = "IronCards.Controls", "IronCards.Controls\IronCards.Controls.csproj", "{17379964-0140-4172-A7AD-FAC5D3A01D24}"
EndProject
Project("{FAE04EC0-301F-11D3-BF4B-00C04F79EFBC}") = "IronCards.Objects", "IronCards.Objects\IronCards.Objects.csproj", "{5B5C7DD5-A93D-415F-B7A9-1A0D35229C27}"
EndProject
Project("{FAE04EC0-301F-11D3-BF4B-00C04F79EFBC}") = "IronCards.Services", "IronCards.Services\IronCards.Services.csproj", "{A6986F78-C6AD-41F8-8D14-4AA7704154CF}"
EndProject
Global
	GlobalSection(SolutionConfigurationPlatforms) = preSolution
		Debug|Any CPU = Debug|Any CPU
		Release|Any CPU = Release|Any CPU
	EndGlobalSection
	GlobalSection(ProjectConfigurationPlatforms) = postSolution
		{3AA0420E-3ECE-4FAC-8E47-DDEDA67192FD}.Debug|Any CPU.ActiveCfg = Debug|Any CPU
		{3AA0420E-3ECE-4FAC-8E47-DDEDA67192FD}.Debug|Any CPU.Build.0 = Debug|Any CPU
		{3AA0420E-3ECE-4FAC-8E47-DDEDA67192FD}.Release|Any CPU.ActiveCfg = Release|Any CPU
		{3AA0420E-3ECE-4FAC-8E47-DDEDA67192FD}.Release|Any CPU.Build.0 = Release|Any CPU
		{17379964-0140-4172-A7AD-FAC5D3A01D24}.Debug|Any CPU.ActiveCfg = Debug|Any CPU
		{17379964-0140-4172-A7AD-FAC5D3A01D24}.Debug|Any CPU.Build.0 = Debug|Any CPU
		{17379964-0140-4172-A7AD-FAC5D3A01D24}.Release|Any CPU.ActiveCfg = Release|Any CPU
		{17379964-0140-4172-A7AD-FAC5D3A01D24}.Release|Any CPU.Build.0 = Release|Any CPU
		{5B5C7DD5-A93D-415F-B7A9-1A0D35229C27}.Debug|Any CPU.ActiveCfg = Debug|Any CPU
		{5B5C7DD5-A93D-415F-B7A9-1A0D35229C27}.Debug|Any CPU.Build.0 = Debug|Any CPU
		{5B5C7DD5-A93D-415F-B7A9-1A0D35229C27}.Release|Any CPU.ActiveCfg = Release|Any CPU
		{5B5C7DD5-A93D-415F-B7A9-1A0D35229C27}.Release|Any CPU.Build.0 = Release|Any CPU
		{A6986F78-C6AD-41F8-8D14-4AA7704154CF}.Debug|Any CPU.ActiveCfg = Debug|Any CPU
		{A6986F78-C6AD-41F8-8D14-4AA7704154CF}.Debug|Any CPU.Build.0 = Debug|Any CPU
		{A6986F78-C6AD-41F8-8D14-4AA7704154CF}.Release|Any CPU.ActiveCfg = Release|Any CPU
		{A6986F78-C6AD-41F8-8D14-4AA7704154CF}.Release|Any CPU.Build.0 = Release|Any CPU
	EndGlobalSection
	GlobalSection(SolutionProperties) = preSolution
		HideSolutionNode = FALSE
	EndGlobalSection
	GlobalSection(ExtensibilityGlobals) = postSolution
		SolutionGuid = {5E58C918-6E6F-4B76-8453-E686B7558A1A}
	EndGlobalSection
EndGlobal
